{
    "name": "dark-discord-vscode",
    "version": "1.0.1.1",
    "lockfileVersion": 2,
    "requires": true,
    "packages": {
        "": {
            "version": "1.0.1.1",
            "license": "MIT",
            "engines": {
                "vscode": "^1.63.0"
            }
        }
    }
}
